{
  "name": "s3loop",
  "version": "1.0.0",
  "lockfileVersion": 3,
  "requires": true,
  "packages": {
    "": {
      "name": "s3loop",
      "version": "1.0.0",
      "license": "ISC",
      "dependencies": {
        "@ffmpeg-installer/ffmpeg": "^1.1.0",
        "@ffmpeg-installer/linux-x64": "^4.1.0",
        "detect-libc": "^2.0.1",
        "esbuild": "^0.19.6",
        "fluent-ffmpeg": "^2.1.2",
        "imagescript": "^1.2.17",
        "sharp": "^0.33.1"
      }
    },
    "node_modules/@emnapi/runtime": {
      "version": "0.44.0",
      "resolved": "https://registry.npmjs.org/@emnapi/runtime/-/runtime-0.44.0.tgz",
      "integrity": "sha512-ZX/etZEZw8DR7zAB1eVQT40lNo0jeqpb6dCgOvctB6FIQ5PoXfMuNY8+ayQfu8tNQbAB8gQWSSJupR8NxeiZXw==",
      "optional": true,
      "dependencies": {
        "tslib": "^2.4.0"
      }
    },
    "node_modules/@esbuild/android-arm": {
      "version": "0.19.6",
      "resolved": "https://registry.npmjs.org/@esbuild/android-arm/-/android-arm-0.19.6.tgz",
      "integrity": "sha512-muPzBqXJKCbMYoNbb1JpZh/ynl0xS6/+pLjrofcR3Nad82SbsCogYzUE6Aq9QT3cLP0jR/IVK/NHC9b90mSHtg==",
      "cpu": [
        "arm"
      ],
      "optional": true,
      "os": [
        "android"
      ],
      "engines": {
        "node": ">=12"
      }
    },
    "node_modules/@esbuild/android-arm64": {
      "version": "0.19.6",
      "resolved": "https://registry.npmjs.org/@esbuild/android-arm64/-/android-arm64-0.19.6.tgz",
      "integrity": "sha512-KQ/hbe9SJvIJ4sR+2PcZ41IBV+LPJyYp6V1K1P1xcMRup9iYsBoQn4MzE3mhMLOld27Au2eDcLlIREeKGUXpHQ==",
      "cpu": [
        "arm64"
      ],
      "optional": true,
      "os": [
        "android"
      ],
      "engines": {
        "node": ">=12"
      }
    },
    "node_modules/@esbuild/android-x64": {
      "version": "0.19.6",
      "resolved": "https://registry.npmjs.org/@esbuild/android-x64/-/android-x64-0.19.6.tgz",
      "integrity": "sha512-VVJVZQ7p5BBOKoNxd0Ly3xUM78Y4DyOoFKdkdAe2m11jbh0LEU4bPles4e/72EMl4tapko8o915UalN/5zhspg==",
      "cpu": [
        "x64"
      ],
      "optional": true,
      "os": [
        "android"
      ],
      "engines": {
        "node": ">=12"
      }
    },
    "node_modules/@esbuild/darwin-arm64": {
      "version": "0.19.6",
      "resolved": "https://registry.npmjs.org/@esbuild/darwin-arm64/-/darwin-arm64-0.19.6.tgz",
      "integrity": "sha512-91LoRp/uZAKx6ESNspL3I46ypwzdqyDLXZH7x2QYCLgtnaU08+AXEbabY2yExIz03/am0DivsTtbdxzGejfXpA==",
      "cpu": [
        "arm64"
      ],
      "optional": true,
      "os": [
        "darwin"
      ],
      "engines": {
        "node": ">=12"
      }
    },
    "node_modules/@esbuild/darwin-x64": {
      "version": "0.19.6",
      "resolved": "https://registry.npmjs.org/@esbuild/darwin-x64/-/darwin-x64-0.19.6.tgz",
      "integrity": "sha512-QCGHw770ubjBU1J3ZkFJh671MFajGTYMZumPs9E/rqU52md6lIil97BR0CbPq6U+vTh3xnTNDHKRdR8ggHnmxQ==",
      "cpu": [
        "x64"
      ],
      "optional": true,
      "os": [
        "darwin"
      ],
      "engines": {
        "node": ">=12"
      }
    },
    "node_modules/@esbuild/freebsd-arm64": {
      "version": "0.19.6",
      "resolved": "https://registry.npmjs.org/@esbuild/freebsd-arm64/-/freebsd-arm64-0.19.6.tgz",
      "integrity": "sha512-J53d0jGsDcLzWk9d9SPmlyF+wzVxjXpOH7jVW5ae7PvrDst4kiAz6sX+E8btz0GB6oH12zC+aHRD945jdjF2Vg==",
      "cpu": [
        "arm64"
      ],
      "optional": true,
      "os": [
        "freebsd"
      ],
      "engines": {
        "node": ">=12"
      }
    },
    "node_modules/@esbuild/freebsd-x64": {
      "version": "0.19.6",
      "resolved": "https://registry.npmjs.org/@esbuild/freebsd-x64/-/freebsd-x64-0.19.6.tgz",
      "integrity": "sha512-hn9qvkjHSIB5Z9JgCCjED6YYVGCNpqB7dEGavBdG6EjBD8S/UcNUIlGcB35NCkMETkdYwfZSvD9VoDJX6VeUVA==",
      "cpu": [
        "x64"
      ],
      "optional": true,
      "os": [
        "freebsd"
      ],
      "engines": {
        "node": ">=12"
      }
    },
    "node_modules/@esbuild/linux-arm": {
      "version": "0.19.6",
      "resolved": "https://registry.npmjs.org/@esbuild/linux-arm/-/linux-arm-0.19.6.tgz",
      "integrity": "sha512-G8IR5zFgpXad/Zp7gr7ZyTKyqZuThU6z1JjmRyN1vSF8j0bOlGzUwFSMTbctLAdd7QHpeyu0cRiuKrqK1ZTwvQ==",
      "cpu": [
        "arm"
      ],
      "optional": true,
      "os": [
        "linux"
      ],
      "engines": {
        "node": ">=12"
      }
    },
    "node_modules/@esbuild/linux-arm64": {
      "version": "0.19.6",
      "resolved": "https://registry.npmjs.org/@esbuild/linux-arm64/-/linux-arm64-0.19.6.tgz",
      "integrity": "sha512-HQCOrk9XlH3KngASLaBfHpcoYEGUt829A9MyxaI8RMkfRA8SakG6YQEITAuwmtzFdEu5GU4eyhKcpv27dFaOBg==",
      "cpu": [
        "arm64"
      ],
      "optional": true,
      "os": [
        "linux"
      ],
      "engines": {
        "node": ">=12"
      }
    },
    "node_modules/@esbuild/linux-ia32": {
      "version": "0.19.6",
      "resolved": "https://registry.npmjs.org/@esbuild/linux-ia32/-/linux-ia32-0.19.6.tgz",
      "integrity": "sha512-22eOR08zL/OXkmEhxOfshfOGo8P69k8oKHkwkDrUlcB12S/sw/+COM4PhAPT0cAYW/gpqY2uXp3TpjQVJitz7w==",
      "cpu": [
        "ia32"
      ],
      "optional": true,
      "os": [
        "linux"
      ],
      "engines": {
        "node": ">=12"
      }
    },
    "node_modules/@esbuild/linux-loong64": {
      "version": "0.19.6",
      "resolved": "https://registry.npmjs.org/@esbuild/linux-loong64/-/linux-loong64-0.19.6.tgz",
      "integrity": "sha512-82RvaYAh/SUJyjWA8jDpyZCHQjmEggL//sC7F3VKYcBMumQjUL3C5WDl/tJpEiKtt7XrWmgjaLkrk205zfvwTA==",
      "cpu": [
        "loong64"
      ],
      "optional": true,
      "os": [
        "linux"
      ],
      "engines": {
        "node": ">=12"
      }
    },
    "node_modules/@esbuild/linux-mips64el": {
      "version": "0.19.6",
      "resolved": "https://registry.npmjs.org/@esbuild/linux-mips64el/-/linux-mips64el-0.19.6.tgz",
      "integrity": "sha512-8tvnwyYJpR618vboIv2l8tK2SuK/RqUIGMfMENkeDGo3hsEIrpGldMGYFcWxWeEILe5Fi72zoXLmhZ7PR23oQA==",
      "cpu": [
        "mips64el"
      ],
      "optional": true,
      "os": [
        "linux"
      ],
      "engines": {
        "node": ">=12"
      }
    },
    "node_modules/@esbuild/linux-ppc64": {
      "version": "0.19.6",
      "resolved": "https://registry.npmjs.org/@esbuild/linux-ppc64/-/linux-ppc64-0.19.6.tgz",
      "integrity": "sha512-Qt+D7xiPajxVNk5tQiEJwhmarNnLPdjXAoA5uWMpbfStZB0+YU6a3CtbWYSy+sgAsnyx4IGZjWsTzBzrvg/fMA==",
      "cpu": [
        "ppc64"
      ],
      "optional": true,
      "os": [
        "linux"
      ],
      "engines": {
        "node": ">=12"
      }
    },
    "node_modules/@esbuild/linux-riscv64": {
      "version": "0.19.6",
      "resolved": "https://registry.npmjs.org/@esbuild/linux-riscv64/-/linux-riscv64-0.19.6.tgz",
      "integrity": "sha512-lxRdk0iJ9CWYDH1Wpnnnc640ajF4RmQ+w6oHFZmAIYu577meE9Ka/DCtpOrwr9McMY11ocbp4jirgGgCi7Ls/g==",
      "cpu": [
        "riscv64"
      ],
      "optional": true,
      "os": [
        "linux"
      ],
      "engines": {
        "node": ">=12"
      }
    },
    "node_modules/@esbuild/linux-s390x": {
      "version": "0.19.6",
      "resolved": "https://registry.npmjs.org/@esbuild/linux-s390x/-/linux-s390x-0.19.6.tgz",
      "integrity": "sha512-MopyYV39vnfuykHanRWHGRcRC3AwU7b0QY4TI8ISLfAGfK+tMkXyFuyT1epw/lM0pflQlS53JoD22yN83DHZgA==",
      "cpu": [
        "s390x"
      ],
      "optional": true,
      "os": [
        "linux"
      ],
      "engines": {
        "node": ">=12"
      }
    },
    "node_modules/@esbuild/linux-x64": {
      "version": "0.19.6",
      "resolved": "https://registry.npmjs.org/@esbuild/linux-x64/-/linux-x64-0.19.6.tgz",
      "integrity": "sha512-UWcieaBzsN8WYbzFF5Jq7QULETPcQvlX7KL4xWGIB54OknXJjBO37sPqk7N82WU13JGWvmDzFBi1weVBajPovg==",
      "cpu": [
        "x64"
      ],
      "optional": true,
      "os": [
        "linux"
      ],
      "engines": {
        "node": ">=12"
      }
    },
    "node_modules/@esbuild/netbsd-x64": {
      "version": "0.19.6",
      "resolved": "https://registry.npmjs.org/@esbuild/netbsd-x64/-/netbsd-x64-0.19.6.tgz",
      "integrity": "sha512-EpWiLX0fzvZn1wxtLxZrEW+oQED9Pwpnh+w4Ffv8ZLuMhUoqR9q9rL4+qHW8F4Mg5oQEKxAoT0G+8JYNqCiR6g==",
      "cpu": [
        "x64"
      ],
      "optional": true,
      "os": [
        "netbsd"
      ],
      "engines": {
        "node": ">=12"
      }
    },
    "node_modules/@esbuild/openbsd-x64": {
      "version": "0.19.6",
      "resolved": "https://registry.npmjs.org/@esbuild/openbsd-x64/-/openbsd-x64-0.19.6.tgz",
      "integrity": "sha512-fFqTVEktM1PGs2sLKH4M5mhAVEzGpeZJuasAMRnvDZNCV0Cjvm1Hu35moL2vC0DOrAQjNTvj4zWrol/lwQ8Deg==",
      "cpu": [
        "x64"
      ],
      "optional": true,
      "os": [
        "openbsd"
      ],
      "engines": {
        "node": ">=12"
      }
    },
    "node_modules/@esbuild/sunos-x64": {
      "version": "0.19.6",
      "resolved": "https://registry.npmjs.org/@esbuild/sunos-x64/-/sunos-x64-0.19.6.tgz",
      "integrity": "sha512-M+XIAnBpaNvaVAhbe3uBXtgWyWynSdlww/JNZws0FlMPSBy+EpatPXNIlKAdtbFVII9OpX91ZfMb17TU3JKTBA==",
      "cpu": [
        "x64"
      ],
      "optional": true,
      "os": [
        "sunos"
      ],
      "engines": {
        "node": ">=12"
      }
    },
    "node_modules/@esbuild/win32-arm64": {
      "version": "0.19.6",
      "resolved": "https://registry.npmjs.org/@esbuild/win32-arm64/-/win32-arm64-0.19.6.tgz",
      "integrity": "sha512-2DchFXn7vp/B6Tc2eKdTsLzE0ygqKkNUhUBCNtMx2Llk4POIVMUq5rUYjdcedFlGLeRe1uLCpVvCmE+G8XYybA==",
      "cpu": [
        "arm64"
      ],
      "optional": true,
      "os": [
        "win32"
      ],
      "engines": {
        "node": ">=12"
      }
    },
    "node_modules/@esbuild/win32-ia32": {
      "version": "0.19.6",
      "resolved": "https://registry.npmjs.org/@esbuild/win32-ia32/-/win32-ia32-0.19.6.tgz",
      "integrity": "sha512-PBo/HPDQllyWdjwAVX+Gl2hH0dfBydL97BAH/grHKC8fubqp02aL4S63otZ25q3sBdINtOBbz1qTZQfXbP4VBg==",
      "cpu": [
        "ia32"
      ],
      "optional": true,
      "os": [
        "win32"
      ],
      "engines": {
        "node": ">=12"
      }
    },
    "node_modules/@esbuild/win32-x64": {
      "version": "0.19.6",
      "resolved": "https://registry.npmjs.org/@esbuild/win32-x64/-/win32-x64-0.19.6.tgz",
      "integrity": "sha512-OE7yIdbDif2kKfrGa+V0vx/B3FJv2L4KnIiLlvtibPyO9UkgO3rzYE0HhpREo2vmJ1Ixq1zwm9/0er+3VOSZJA==",
      "cpu": [
        "x64"
      ],
      "optional": true,
      "os": [
        "win32"
      ],
      "engines": {
        "node": ">=12"
      }
    },
    "node_modules/@ffmpeg-installer/darwin-arm64": {
      "version": "4.1.5",
      "resolved": "https://registry.npmjs.org/@ffmpeg-installer/darwin-arm64/-/darwin-arm64-4.1.5.tgz",
      "integrity": "sha512-hYqTiP63mXz7wSQfuqfFwfLOfwwFChUedeCVKkBtl/cliaTM7/ePI9bVzfZ2c+dWu3TqCwLDRWNSJ5pqZl8otA==",
      "cpu": [
        "arm64"
      ],
      "hasInstallScript": true,
      "optional": true,
      "os": [
        "darwin"
      ]
    },
    "node_modules/@ffmpeg-installer/darwin-x64": {
      "version": "4.1.0",
      "resolved": "https://registry.npmjs.org/@ffmpeg-installer/darwin-x64/-/darwin-x64-4.1.0.tgz",
      "integrity": "sha512-Z4EyG3cIFjdhlY8wI9aLUXuH8nVt7E9SlMVZtWvSPnm2sm37/yC2CwjUzyCQbJbySnef1tQwGG2Sx+uWhd9IAw==",
      "cpu": [
        "x64"
      ],
      "hasInstallScript": true,
      "optional": true,
      "os": [
        "darwin"
      ]
    },
    "node_modules/@ffmpeg-installer/ffmpeg": {
      "version": "1.1.0",
      "resolved": "https://registry.npmjs.org/@ffmpeg-installer/ffmpeg/-/ffmpeg-1.1.0.tgz",
      "integrity": "sha512-Uq4rmwkdGxIa9A6Bd/VqqYbT7zqh1GrT5/rFwCwKM70b42W5gIjWeVETq6SdcL0zXqDtY081Ws/iJWhr1+xvQg==",
      "optionalDependencies": {
        "@ffmpeg-installer/darwin-arm64": "4.1.5",
        "@ffmpeg-installer/darwin-x64": "4.1.0",
        "@ffmpeg-installer/linux-arm": "4.1.3",
        "@ffmpeg-installer/linux-arm64": "4.1.4",
        "@ffmpeg-installer/linux-ia32": "4.1.0",
        "@ffmpeg-installer/linux-x64": "4.1.0",
        "@ffmpeg-installer/win32-ia32": "4.1.0",
        "@ffmpeg-installer/win32-x64": "4.1.0"
      }
    },
    "node_modules/@ffmpeg-installer/linux-arm": {
      "version": "4.1.3",
      "resolved": "https://registry.npmjs.org/@ffmpeg-installer/linux-arm/-/linux-arm-4.1.3.tgz",
      "integrity": "sha512-NDf5V6l8AfzZ8WzUGZ5mV8O/xMzRag2ETR6+TlGIsMHp81agx51cqpPItXPib/nAZYmo55Bl2L6/WOMI3A5YRg==",
      "cpu": [
        "arm"
      ],
      "hasInstallScript": true,
      "optional": true,
      "os": [
        "linux"
      ]
    },
    "node_modules/@ffmpeg-installer/linux-arm64": {
      "version": "4.1.4",
      "resolved": "https://registry.npmjs.org/@ffmpeg-installer/linux-arm64/-/linux-arm64-4.1.4.tgz",
      "integrity": "sha512-dljEqAOD0oIM6O6DxBW9US/FkvqvQwgJ2lGHOwHDDwu/pX8+V0YsDL1xqHbj1DMX/+nP9rxw7G7gcUvGspSoKg==",
      "cpu": [
        "arm64"
      ],
      "hasInstallScript": true,
      "optional": true,
      "os": [
        "linux"
      ]
    },
    "node_modules/@ffmpeg-installer/linux-ia32": {
      "version": "4.1.0",
      "resolved": "https://registry.npmjs.org/@ffmpeg-installer/linux-ia32/-/linux-ia32-4.1.0.tgz",
      "integrity": "sha512-0LWyFQnPf+Ij9GQGD034hS6A90URNu9HCtQ5cTqo5MxOEc7Rd8gLXrJvn++UmxhU0J5RyRE9KRYstdCVUjkNOQ==",
      "cpu": [
        "ia32"
      ],
      "hasInstallScript": true,
      "optional": true,
      "os": [
        "linux"
      ]
    },
    "node_modules/@ffmpeg-installer/linux-x64": {
      "version": "4.1.0",
      "resolved": "https://registry.npmjs.org/@ffmpeg-installer/linux-x64/-/linux-x64-4.1.0.tgz",
      "integrity": "sha512-Y5BWhGLU/WpQjOArNIgXD3z5mxxdV8c41C+U15nsE5yF8tVcdCGet5zPs5Zy3Ta6bU7haGpIzryutqCGQA/W8A==",
      "cpu": [
        "x64"
      ],
      "hasInstallScript": true,
      "os": [
        "linux"
      ]
    },
    "node_modules/@ffmpeg-installer/win32-ia32": {
      "version": "4.1.0",
      "resolved": "https://registry.npmjs.org/@ffmpeg-installer/win32-ia32/-/win32-ia32-4.1.0.tgz",
      "integrity": "sha512-FV2D7RlaZv/lrtdhaQ4oETwoFUsUjlUiasiZLDxhEUPdNDWcH1OU9K1xTvqz+OXLdsmYelUDuBS/zkMOTtlUAw==",
      "cpu": [
        "ia32"
      ],
      "optional": true,
      "os": [
        "win32"
      ]
    },
    "node_modules/@ffmpeg-installer/win32-x64": {
      "version": "4.1.0",
      "resolved": "https://registry.npmjs.org/@ffmpeg-installer/win32-x64/-/win32-x64-4.1.0.tgz",
      "integrity": "sha512-Drt5u2vzDnIONf4ZEkKtFlbvwj6rI3kxw1Ck9fpudmtgaZIHD4ucsWB2lCZBXRxJgXR+2IMSti+4rtM4C4rXgg==",
      "cpu": [
        "x64"
      ],
      "optional": true,
      "os": [
        "win32"
      ]
    },
    "node_modules/@img/sharp-darwin-arm64": {
      "version": "0.33.1",
      "resolved": "https://registry.npmjs.org/@img/sharp-darwin-arm64/-/sharp-darwin-arm64-0.33.1.tgz",
      "integrity": "sha512-esr2BZ1x0bo+wl7Gx2hjssYhjrhUsD88VQulI0FrG8/otRQUOxLWHMBd1Y1qo2Gfg2KUvXNpT0ASnV9BzJCexw==",
      "cpu": [
        "arm64"
      ],
      "optional": true,
      "os": [
        "darwin"
      ],
      "engines": {
        "glibc": ">=2.26",
        "node": "^18.17.0 || ^20.3.0 || >=21.0.0",
        "npm": ">=9.6.5",
        "pnpm": ">=7.1.0",
        "yarn": ">=3.2.0"
      },
      "funding": {
        "url": "https://opencollective.com/libvips"
      },
      "optionalDependencies": {
        "@img/sharp-libvips-darwin-arm64": "1.0.0"
      }
    },
    "node_modules/@img/sharp-darwin-x64": {
      "version": "0.33.1",
      "resolved": "https://registry.npmjs.org/@img/sharp-darwin-x64/-/sharp-darwin-x64-0.33.1.tgz",
      "integrity": "sha512-YrnuB3bXuWdG+hJlXtq7C73lF8ampkhU3tMxg5Hh+E7ikxbUVOU9nlNtVTloDXz6pRHt2y2oKJq7DY/yt+UXYw==",
      "cpu": [
        "x64"
      ],
      "optional": true,
      "os": [
        "darwin"
      ],
      "engines": {
        "glibc": ">=2.26",
        "node": "^18.17.0 || ^20.3.0 || >=21.0.0",
        "npm": ">=9.6.5",
        "pnpm": ">=7.1.0",
        "yarn": ">=3.2.0"
      },
      "funding": {
        "url": "https://opencollective.com/libvips"
      },
      "optionalDependencies": {
        "@img/sharp-libvips-darwin-x64": "1.0.0"
      }
    },
    "node_modules/@img/sharp-libvips-darwin-arm64": {
      "version": "1.0.0",
      "resolved": "https://registry.npmjs.org/@img/sharp-libvips-darwin-arm64/-/sharp-libvips-darwin-arm64-1.0.0.tgz",
      "integrity": "sha512-VzYd6OwnUR81sInf3alj1wiokY50DjsHz5bvfnsFpxs5tqQxESoHtJO6xyksDs3RIkyhMWq2FufXo6GNSU9BMw==",
      "cpu": [
        "arm64"
      ],
      "optional": true,
      "os": [
        "darwin"
      ],
      "engines": {
        "macos": ">=11",
        "npm": ">=9.6.5",
        "pnpm": ">=7.1.0",
        "yarn": ">=3.2.0"
      },
      "funding": {
        "url": "https://opencollective.com/libvips"
      }
    },
    "node_modules/@img/sharp-libvips-darwin-x64": {
      "version": "1.0.0",
      "resolved": "https://registry.npmjs.org/@img/sharp-libvips-darwin-x64/-/sharp-libvips-darwin-x64-1.0.0.tgz",
      "integrity": "sha512-dD9OznTlHD6aovRswaPNEy8dKtSAmNo4++tO7uuR4o5VxbVAOoEQ1uSmN4iFAdQneTHws1lkTZeiXPrcCkh6IA==",
      "cpu": [
        "x64"
      ],
      "optional": true,
      "os": [
        "darwin"
      ],
      "engines": {
        "macos": ">=10.13",
        "npm": ">=9.6.5",
        "pnpm": ">=7.1.0",
        "yarn": ">=3.2.0"
      },
      "funding": {
        "url": "https://opencollective.com/libvips"
      }
    },
    "node_modules/@img/sharp-libvips-linux-arm": {
      "version": "1.0.0",
      "resolved": "https://registry.npmjs.org/@img/sharp-libvips-linux-arm/-/sharp-libvips-linux-arm-1.0.0.tgz",
      "integrity": "sha512-VwgD2eEikDJUk09Mn9Dzi1OW2OJFRQK+XlBTkUNmAWPrtj8Ly0yq05DFgu1VCMx2/DqCGQVi5A1dM9hTmxf3uw==",
      "cpu": [
        "arm"
      ],
      "optional": true,
      "os": [
        "linux"
      ],
      "engines": {
        "glibc": ">=2.28",
        "npm": ">=9.6.5",
        "pnpm": ">=7.1.0",
        "yarn": ">=3.2.0"
      },
      "funding": {
        "url": "https://opencollective.com/libvips"
      }
    },
    "node_modules/@img/sharp-libvips-linux-arm64": {
      "version": "1.0.0",
      "resolved": "https://registry.npmjs.org/@img/sharp-libvips-linux-arm64/-/sharp-libvips-linux-arm64-1.0.0.tgz",
      "integrity": "sha512-xTYThiqEZEZc0PRU90yVtM3KE7lw1bKdnDQ9kCTHWbqWyHOe4NpPOtMGy27YnN51q0J5dqRrvicfPbALIOeAZA==",
      "cpu": [
        "arm64"
      ],
      "optional": true,
      "os": [
        "linux"
      ],
      "engines": {
        "glibc": ">=2.26",
        "npm": ">=9.6.5",
        "pnpm": ">=7.1.0",
        "yarn": ">=3.2.0"
      },
      "funding": {
        "url": "https://opencollective.com/libvips"
      }
    },
    "node_modules/@img/sharp-libvips-linux-s390x": {
      "version": "1.0.0",
      "resolved": "https://registry.npmjs.org/@img/sharp-libvips-linux-s390x/-/sharp-libvips-linux-s390x-1.0.0.tgz",
      "integrity": "sha512-o9E46WWBC6JsBlwU4QyU9578G77HBDT1NInd+aERfxeOPbk0qBZHgoDsQmA2v9TbqJRWzoBPx1aLOhprBMgPjw==",
      "cpu": [
        "s390x"
      ],
      "optional": true,
      "os": [
        "linux"
      ],
      "engines": {
        "glibc": ">=2.28",
        "npm": ">=9.6.5",
        "pnpm": ">=7.1.0",
        "yarn": ">=3.2.0"
      },
      "funding": {
        "url": "https://opencollective.com/libvips"
      }
    },
    "node_modules/@img/sharp-libvips-linux-x64": {
      "version": "1.0.0",
      "resolved": "https://registry.npmjs.org/@img/sharp-libvips-linux-x64/-/sharp-libvips-linux-x64-1.0.0.tgz",
      "integrity": "sha512-naldaJy4hSVhWBgEjfdBY85CAa4UO+W1nx6a1sWStHZ7EUfNiuBTTN2KUYT5dH1+p/xij1t2QSXfCiFJoC5S/Q==",
      "cpu": [
        "x64"
      ],
      "optional": true,
      "os": [
        "linux"
      ],
      "engines": {
        "glibc": ">=2.26",
        "npm": ">=9.6.5",
        "pnpm": ">=7.1.0",
        "yarn": ">=3.2.0"
      },
      "funding": {
        "url": "https://opencollective.com/libvips"
      }
    },
    "node_modules/@img/sharp-libvips-linuxmusl-arm64": {
      "version": "1.0.0",
      "resolved": "https://registry.npmjs.org/@img/sharp-libvips-linuxmusl-arm64/-/sharp-libvips-linuxmusl-arm64-1.0.0.tgz",
      "integrity": "sha512-OdorplCyvmSAPsoJLldtLh3nLxRrkAAAOHsGWGDYfN0kh730gifK+UZb3dWORRa6EusNqCTjfXV4GxvgJ/nPDQ==",
      "cpu": [
        "arm64"
      ],
      "optional": true,
      "os": [
        "linux"
      ],
      "engines": {
        "musl": ">=1.2.2",
        "npm": ">=9.6.5",
        "pnpm": ">=7.1.0",
        "yarn": ">=3.2.0"
      },
      "funding": {
        "url": "https://opencollective.com/libvips"
      }
    },
    "node_modules/@img/sharp-libvips-linuxmusl-x64": {
      "version": "1.0.0",
      "resolved": "https://registry.npmjs.org/@img/sharp-libvips-linuxmusl-x64/-/sharp-libvips-linuxmusl-x64-1.0.0.tgz",
      "integrity": "sha512-FW8iK6rJrg+X2jKD0Ajhjv6y74lToIBEvkZhl42nZt563FfxkCYacrXZtd+q/sRQDypQLzY5WdLkVTbJoPyqNg==",
      "cpu": [
        "x64"
      ],
      "optional": true,
      "os": [
        "linux"
      ],
      "engines": {
        "musl": ">=1.2.2",
        "npm": ">=9.6.5",
        "pnpm": ">=7.1.0",
        "yarn": ">=3.2.0"
      },
      "funding": {
        "url": "https://opencollective.com/libvips"
      }
    },
    "node_modules/@img/sharp-linux-arm": {
      "version": "0.33.1",
      "resolved": "https://registry.npmjs.org/@img/sharp-linux-arm/-/sharp-linux-arm-0.33.1.tgz",
      "integrity": "sha512-Ii4X1vnzzI4j0+cucsrYA5ctrzU9ciXERfJR633S2r39CiD8npqH2GMj63uFZRCFt3E687IenAdbwIpQOJ5BNA==",
      "cpu": [
        "arm"
      ],
      "optional": true,
      "os": [
        "linux"
      ],
      "engines": {
        "glibc": ">=2.28",
        "node": "^18.17.0 || ^20.3.0 || >=21.0.0",
        "npm": ">=9.6.5",
        "pnpm": ">=7.1.0",
        "yarn": ">=3.2.0"
      },
      "funding": {
        "url": "https://opencollective.com/libvips"
      },
      "optionalDependencies": {
        "@img/sharp-libvips-linux-arm": "1.0.0"
      }
    },
    "node_modules/@img/sharp-linux-arm64": {
      "version": "0.33.1",
      "resolved": "https://registry.npmjs.org/@img/sharp-linux-arm64/-/sharp-linux-arm64-0.33.1.tgz",
      "integrity": "sha512-59B5GRO2d5N3tIfeGHAbJps7cLpuWEQv/8ySd9109ohQ3kzyCACENkFVAnGPX00HwPTQcaBNF7HQYEfZyZUFfw==",
      "cpu": [
        "arm64"
      ],
      "optional": true,
      "os": [
        "linux"
      ],
      "engines": {
        "glibc": ">=2.26",
        "node": "^18.17.0 || ^20.3.0 || >=21.0.0",
        "npm": ">=9.6.5",
        "pnpm": ">=7.1.0",
        "yarn": ">=3.2.0"
      },
      "funding": {
        "url": "https://opencollective.com/libvips"
      },
      "optionalDependencies": {
        "@img/sharp-libvips-linux-arm64": "1.0.0"
      }
    },
    "node_modules/@img/sharp-linux-s390x": {
      "version": "0.33.1",
      "resolved": "https://registry.npmjs.org/@img/sharp-linux-s390x/-/sharp-linux-s390x-0.33.1.tgz",
      "integrity": "sha512-tRGrb2pHnFUXpOAj84orYNxHADBDIr0J7rrjwQrTNMQMWA4zy3StKmMvwsI7u3dEZcgwuMMooIIGWEWOjnmG8A==",
      "cpu": [
        "s390x"
      ],
      "optional": true,
      "os": [
        "linux"
      ],
      "engines": {
        "glibc": ">=2.28",
        "node": "^18.17.0 || ^20.3.0 || >=21.0.0",
        "npm": ">=9.6.5",
        "pnpm": ">=7.1.0",
        "yarn": ">=3.2.0"
      },
      "funding": {
        "url": "https://opencollective.com/libvips"
      },
      "optionalDependencies": {
        "@img/sharp-libvips-linux-s390x": "1.0.0"
      }
    },
    "node_modules/@img/sharp-linux-x64": {
      "version": "0.33.1",
      "resolved": "https://registry.npmjs.org/@img/sharp-linux-x64/-/sharp-linux-x64-0.33.1.tgz",
      "integrity": "sha512-4y8osC0cAc1TRpy02yn5omBeloZZwS62fPZ0WUAYQiLhSFSpWJfY/gMrzKzLcHB9ulUV6ExFiu2elMaixKDbeg==",
      "cpu": [
        "x64"
      ],
      "optional": true,
      "os": [
        "linux"
      ],
      "engines": {
        "glibc": ">=2.26",
        "node": "^18.17.0 || ^20.3.0 || >=21.0.0",
        "npm": ">=9.6.5",
        "pnpm": ">=7.1.0",
        "yarn": ">=3.2.0"
      },
      "funding": {
        "url": "https://opencollective.com/libvips"
      },
      "optionalDependencies": {
        "@img/sharp-libvips-linux-x64": "1.0.0"
      }
    },
    "node_modules/@img/sharp-linuxmusl-arm64": {
      "version": "0.33.1",
      "resolved": "https://registry.npmjs.org/@img/sharp-linuxmusl-arm64/-/sharp-linuxmusl-arm64-0.33.1.tgz",
      "integrity": "sha512-D3lV6clkqIKUizNS8K6pkuCKNGmWoKlBGh5p0sLO2jQERzbakhu4bVX1Gz+RS4vTZBprKlWaf+/Rdp3ni2jLfA==",
      "cpu": [
        "arm64"
      ],
      "optional": true,
      "os": [
        "linux"
      ],
      "engines": {
        "musl": ">=1.2.2",
        "node": "^18.17.0 || ^20.3.0 || >=21.0.0",
        "npm": ">=9.6.5",
        "pnpm": ">=7.1.0",
        "yarn": ">=3.2.0"
      },
      "funding": {
        "url": "https://opencollective.com/libvips"
      },
      "optionalDependencies": {
        "@img/sharp-libvips-linuxmusl-arm64": "1.0.0"
      }
    },
    "node_modules/@img/sharp-linuxmusl-x64": {
      "version": "0.33.1",
      "resolved": "https://registry.npmjs.org/@img/sharp-linuxmusl-x64/-/sharp-linuxmusl-x64-0.33.1.tgz",
      "integrity": "sha512-LOGKNu5w8uu1evVqUAUKTix2sQu1XDRIYbsi5Q0c/SrXhvJ4QyOx+GaajxmOg5PZSsSnCYPSmhjHHsRBx06/wQ==",
      "cpu": [
        "x64"
      ],
      "optional": true,
      "os": [
        "linux"
      ],
      "engines": {
        "musl": ">=1.2.2",
        "node": "^18.17.0 || ^20.3.0 || >=21.0.0",
        "npm": ">=9.6.5",
        "pnpm": ">=7.1.0",
        "yarn": ">=3.2.0"
      },
      "funding": {
        "url": "https://opencollective.com/libvips"
      },
      "optionalDependencies": {
        "@img/sharp-libvips-linuxmusl-x64": "1.0.0"
      }
    },
    "node_modules/@img/sharp-wasm32": {
      "version": "0.33.1",
      "resolved": "https://registry.npmjs.org/@img/sharp-wasm32/-/sharp-wasm32-0.33.1.tgz",
      "integrity": "sha512-vWI/sA+0p+92DLkpAMb5T6I8dg4z2vzCUnp8yvxHlwBpzN8CIcO3xlSXrLltSvK6iMsVMNswAv+ub77rsf25lA==",
      "cpu": [
        "wasm32"
      ],
      "optional": true,
      "dependencies": {
        "@emnapi/runtime": "^0.44.0"
      },
      "engines": {
        "node": "^18.17.0 || ^20.3.0 || >=21.0.0",
        "npm": ">=9.6.5",
        "pnpm": ">=7.1.0",
        "yarn": ">=3.2.0"
      },
      "funding": {
        "url": "https://opencollective.com/libvips"
      }
    },
    "node_modules/@img/sharp-win32-ia32": {
      "version": "0.33.1",
      "resolved": "https://registry.npmjs.org/@img/sharp-win32-ia32/-/sharp-win32-ia32-0.33.1.tgz",
      "integrity": "sha512-/xhYkylsKL05R+NXGJc9xr2Tuw6WIVl2lubFJaFYfW4/MQ4J+dgjIo/T4qjNRizrqs/szF/lC9a5+updmY9jaQ==",
      "cpu": [
        "ia32"
      ],
      "optional": true,
      "os": [
        "win32"
      ],
      "engines": {
        "node": "^18.17.0 || ^20.3.0 || >=21.0.0",
        "npm": ">=9.6.5",
        "pnpm": ">=7.1.0",
        "yarn": ">=3.2.0"
      },
      "funding": {
        "url": "https://opencollective.com/libvips"
      }
    },
    "node_modules/@img/sharp-win32-x64": {
      "version": "0.33.1",
      "resolved": "https://registry.npmjs.org/@img/sharp-win32-x64/-/sharp-win32-x64-0.33.1.tgz",
      "integrity": "sha512-XaM69X0n6kTEsp9tVYYLhXdg7Qj32vYJlAKRutxUsm1UlgQNx6BOhHwZPwukCGXBU2+tH87ip2eV1I/E8MQnZg==",
      "cpu": [
        "x64"
      ],
      "optional": true,
      "os": [
        "win32"
      ],
      "engines": {
        "node": "^18.17.0 || ^20.3.0 || >=21.0.0",
        "npm": ">=9.6.5",
        "pnpm": ">=7.1.0",
        "yarn": ">=3.2.0"
      },
      "funding": {
        "url": "https://opencollective.com/libvips"
      }
    },
    "node_modules/async": {
      "version": "3.2.4",
      "resolved": "https://registry.npmjs.org/async/-/async-3.2.4.tgz",
      "integrity": "sha512-iAB+JbDEGXhyIUavoDl9WP/Jj106Kz9DEn1DPgYw5ruDn0e3Wgi3sKFm55sASdGBNOQB8F59d9qQ7deqrHA8wQ=="
    },
    "node_modules/color": {
      "version": "4.2.3",
      "resolved": "https://registry.npmjs.org/color/-/color-4.2.3.tgz",
      "integrity": "sha512-1rXeuUUiGGrykh+CeBdu5Ie7OJwinCgQY0bc7GCRxy5xVHy+moaqkpL/jqQq0MtQOeYcrqEz4abc5f0KtU7W4A==",
      "dependencies": {
        "color-convert": "^2.0.1",
        "color-string": "^1.9.0"
      },
      "engines": {
        "node": ">=12.5.0"
      }
    },
    "node_modules/color-convert": {
      "version": "2.0.1",
      "resolved": "https://registry.npmjs.org/color-convert/-/color-convert-2.0.1.tgz",
      "integrity": "sha512-RRECPsj7iu/xb5oKYcsFHSppFNnsj/52OVTRKb4zP5onXwVF3zVmmToNcOfGC+CRDpfK/U584fMg38ZHCaElKQ==",
      "dependencies": {
        "color-name": "~1.1.4"
      },
      "engines": {
        "node": ">=7.0.0"
      }
    },
    "node_modules/color-name": {
      "version": "1.1.4",
      "resolved": "https://registry.npmjs.org/color-name/-/color-name-1.1.4.tgz",
      "integrity": "sha512-dOy+3AuW3a2wNbZHIuMZpTcgjGuLU/uBL/ubcZF9OXbDo8ff4O8yVp5Bf0efS8uEoYo5q4Fx7dY9OgQGXgAsQA=="
    },
    "node_modules/color-string": {
      "version": "1.9.1",
      "resolved": "https://registry.npmjs.org/color-string/-/color-string-1.9.1.tgz",
      "integrity": "sha512-shrVawQFojnZv6xM40anx4CkoDP+fZsw/ZerEMsW/pyzsRbElpsL/DBVW7q3ExxwusdNXI3lXpuhEZkzs8p5Eg==",
      "dependencies": {
        "color-name": "^1.0.0",
        "simple-swizzle": "^0.2.2"
      }
    },
    "node_modules/detect-libc": {
      "version": "2.0.2",
      "resolved": "https://registry.npmjs.org/detect-libc/-/detect-libc-2.0.2.tgz",
      "integrity": "sha512-UX6sGumvvqSaXgdKGUsgZWqcUyIXZ/vZTrlRT/iobiKhGL0zL4d3osHj3uqllWJK+i+sixDS/3COVEOFbupFyw==",
      "engines": {
        "node": ">=8"
      }
    },
    "node_modules/esbuild": {
      "version": "0.19.6",
      "resolved": "https://registry.npmjs.org/esbuild/-/esbuild-0.19.6.tgz",
      "integrity": "sha512-Xl7dntjA2OEIvpr9j0DVxxnog2fyTGnyVoQXAMQI6eR3mf9zCQds7VIKUDCotDgE/p4ncTgeRqgX8t5d6oP4Gw==",
      "hasInstallScript": true,
      "bin": {
        "esbuild": "bin/esbuild"
      },
      "engines": {
        "node": ">=12"
      },
      "optionalDependencies": {
        "@esbuild/android-arm": "0.19.6",
        "@esbuild/android-arm64": "0.19.6",
        "@esbuild/android-x64": "0.19.6",
        "@esbuild/darwin-arm64": "0.19.6",
        "@esbuild/darwin-x64": "0.19.6",
        "@esbuild/freebsd-arm64": "0.19.6",
        "@esbuild/freebsd-x64": "0.19.6",
        "@esbuild/linux-arm": "0.19.6",
        "@esbuild/linux-arm64": "0.19.6",
        "@esbuild/linux-ia32": "0.19.6",
        "@esbuild/linux-loong64": "0.19.6",
        "@esbuild/linux-mips64el": "0.19.6",
        "@esbuild/linux-ppc64": "0.19.6",
        "@esbuild/linux-riscv64": "0.19.6",
        "@esbuild/linux-s390x": "0.19.6",
        "@esbuild/linux-x64": "0.19.6",
        "@esbuild/netbsd-x64": "0.19.6",
        "@esbuild/openbsd-x64": "0.19.6",
        "@esbuild/sunos-x64": "0.19.6",
        "@esbuild/win32-arm64": "0.19.6",
        "@esbuild/win32-ia32": "0.19.6",
        "@esbuild/win32-x64": "0.19.6"
      }
    },
    "node_modules/fluent-ffmpeg": {
      "version": "2.1.2",
      "resolved": "https://registry.npmjs.org/fluent-ffmpeg/-/fluent-ffmpeg-2.1.2.tgz",
      "integrity": "sha512-IZTB4kq5GK0DPp7sGQ0q/BWurGHffRtQQwVkiqDgeO6wYJLLV5ZhgNOQ65loZxxuPMKZKZcICCUnaGtlxBiR0Q==",
      "dependencies": {
        "async": ">=0.2.9",
        "which": "^1.1.1"
      },
      "engines": {
        "node": ">=0.8.0"
      }
    },
    "node_modules/imagescript": {
      "version": "1.2.17",
      "resolved": "https://registry.npmjs.org/imagescript/-/imagescript-1.2.17.tgz",
      "integrity": "sha512-gUibUVTqbd2AeakephgVshjTL9zqh7k4Ea9yk9z8O9jjn11qU3vQWbMRDWGVzQl1t/cLeHYjclefjx8HblXo9Q==",
      "engines": {
        "node": ">=14.0.0"
      }
    },
    "node_modules/is-arrayish": {
      "version": "0.3.2",
      "resolved": "https://registry.npmjs.org/is-arrayish/-/is-arrayish-0.3.2.tgz",
      "integrity": "sha512-eVRqCvVlZbuw3GrM63ovNSNAeA1K16kaR/LRY/92w0zxQ5/1YzwblUX652i4Xs9RwAGjW9d9y6X88t8OaAJfWQ=="
    },
    "node_modules/isexe": {
      "version": "2.0.0",
      "resolved": "https://registry.npmjs.org/isexe/-/isexe-2.0.0.tgz",
      "integrity": "sha512-RHxMLp9lnKHGHRng9QFhRCMbYAcVpn69smSGcq3f36xjgVVWThj4qqLbTLlq7Ssj8B+fIQ1EuCEGI2lKsyQeIw=="
    },
    "node_modules/lru-cache": {
      "version": "6.0.0",
      "resolved": "https://registry.npmjs.org/lru-cache/-/lru-cache-6.0.0.tgz",
      "integrity": "sha512-Jo6dJ04CmSjuznwJSS3pUeWmd/H0ffTlkXXgwZi+eq1UCmqQwCh+eLsYOYCwY991i2Fah4h1BEMCx4qThGbsiA==",
      "dependencies": {
        "yallist": "^4.0.0"
      },
      "engines": {
        "node": ">=10"
      }
    },
    "node_modules/semver": {
      "version": "7.5.4",
      "resolved": "https://registry.npmjs.org/semver/-/semver-7.5.4.tgz",
      "integrity": "sha512-1bCSESV6Pv+i21Hvpxp3Dx+pSD8lIPt8uVjRrxAUt/nbswYc+tK6Y2btiULjd4+fnq15PX+nqQDC7Oft7WkwcA==",
      "dependencies": {
        "lru-cache": "^6.0.0"
      },
      "bin": {
        "semver": "bin/semver.js"
      },
      "engines": {
        "node": ">=10"
      }
    },
    "node_modules/sharp": {
      "version": "0.33.1",
      "resolved": "https://registry.npmjs.org/sharp/-/sharp-0.33.1.tgz",
      "integrity": "sha512-iAYUnOdTqqZDb3QjMneBKINTllCJDZ3em6WaWy7NPECM4aHncvqHRm0v0bN9nqJxMiwamv5KIdauJ6lUzKDpTQ==",
      "hasInstallScript": true,
      "dependencies": {
        "color": "^4.2.3",
        "detect-libc": "^2.0.2",
        "semver": "^7.5.4"
      },
      "engines": {
        "libvips": ">=8.15.0",
        "node": "^18.17.0 || ^20.3.0 || >=21.0.0"
      },
      "funding": {
        "url": "https://opencollective.com/libvips"
      },
      "optionalDependencies": {
        "@img/sharp-darwin-arm64": "0.33.1",
        "@img/sharp-darwin-x64": "0.33.1",
        "@img/sharp-libvips-darwin-arm64": "1.0.0",
        "@img/sharp-libvips-darwin-x64": "1.0.0",
        "@img/sharp-libvips-linux-arm": "1.0.0",
        "@img/sharp-libvips-linux-arm64": "1.0.0",
        "@img/sharp-libvips-linux-s390x": "1.0.0",
        "@img/sharp-libvips-linux-x64": "1.0.0",
        "@img/sharp-libvips-linuxmusl-arm64": "1.0.0",
        "@img/sharp-libvips-linuxmusl-x64": "1.0.0",
        "@img/sharp-linux-arm": "0.33.1",
        "@img/sharp-linux-arm64": "0.33.1",
        "@img/sharp-linux-s390x": "0.33.1",
        "@img/sharp-linux-x64": "0.33.1",
        "@img/sharp-linuxmusl-arm64": "0.33.1",
        "@img/sharp-linuxmusl-x64": "0.33.1",
        "@img/sharp-wasm32": "0.33.1",
        "@img/sharp-win32-ia32": "0.33.1",
        "@img/sharp-win32-x64": "0.33.1"
      }
    },
    "node_modules/simple-swizzle": {
      "version": "0.2.2",
      "resolved": "https://registry.npmjs.org/simple-swizzle/-/simple-swizzle-0.2.2.tgz",
      "integrity": "sha512-JA//kQgZtbuY83m+xT+tXJkmJncGMTFT+C+g2h2R9uxkYIrE2yy9sgmcLhCnw57/WSD+Eh3J97FPEDFnbXnDUg==",
      "dependencies": {
        "is-arrayish": "^0.3.1"
      }
    },
    "node_modules/tslib": {
      "version": "2.6.2",
      "resolved": "https://registry.npmjs.org/tslib/-/tslib-2.6.2.tgz",
      "integrity": "sha512-AEYxH93jGFPn/a2iVAwW87VuUIkR1FVUKB77NwMF7nBTDkDrrT/Hpt/IrCJ0QXhW27jTBDcf5ZY7w6RiqTMw2Q==",
      "optional": true
    },
    "node_modules/which": {
      "version": "1.3.1",
      "resolved": "https://registry.npmjs.org/which/-/which-1.3.1.tgz",
      "integrity": "sha512-HxJdYWq1MTIQbJ3nw0cqssHoTNU267KlrDuGZ1WYlxDStUtKUhOaJmh112/TZmHxxUfuJqPXSOm7tDyas0OSIQ==",
      "dependencies": {
        "isexe": "^2.0.0"
      },
      "bin": {
        "which": "bin/which"
      }
    },
    "node_modules/yallist": {
      "version": "4.0.0",
      "resolved": "https://registry.npmjs.org/yallist/-/yallist-4.0.0.tgz",
      "integrity": "sha512-3wdGidZyq5PB084XLES5TpOSRA3wjXAlIWMhum2kRcv/41Sn2emQ0dycQW4uZXLejwKvg6EsvbdlVL+FYEct7A=="
    }
  }
}
